
Microsoft Visual Studio Solution File, Format Version 12.00
# Visual Studio Version 17
VisualStudioVersion = 17.0.32126.317
MinimumVisualStudioVersion = 10.0.40219.1
Project("{9A19103F-16F7-4668-BE54-9A1E7A4F7556}") = "System.Text.Json_Example", "System.Text.Json_Example\System.Text.Json_Example.csproj", "{6FEA4917-F55F-44ED-8628-264C253E63C3}"
EndProject
Project("{FAE04EC0-301F-11D3-BF4B-00C04F79EFBC}") = "System.Text.Json_Test", "System.Text.Json_Test\System.Text.Json_Test.csproj", "{E8579036-0F4F-4CDB-826C-1BB545487107}"
EndProject
Global
	GlobalSection(SolutionConfigurationPlatforms) = preSolution
		Debug|Any CPU = Debug|Any CPU
		Release|Any CPU = Release|Any CPU
	EndGlobalSection
	GlobalSection(ProjectConfigurationPlatforms) = postSolution
		{6FEA4917-F55F-44ED-8628-264C253E63C3}.Debug|Any CPU.ActiveCfg = Debug|Any CPU
		{6FEA4917-F55F-44ED-8628-264C253E63C3}.Debug|Any CPU.Build.0 = Debug|Any CPU
		{6FEA4917-F55F-44ED-8628-264C253E63C3}.Release|Any CPU.ActiveCfg = Release|Any CPU
		{6FEA4917-F55F-44ED-8628-264C253E63C3}.Release|Any CPU.Build.0 = Release|Any CPU
		{E8579036-0F4F-4CDB-826C-1BB545487107}.Debug|Any CPU.ActiveCfg = Debug|Any CPU
		{E8579036-0F4F-4CDB-826C-1BB545487107}.Debug|Any CPU.Build.0 = Debug|Any CPU
		{E8579036-0F4F-4CDB-826C-1BB545487107}.Release|Any CPU.ActiveCfg = Release|Any CPU
		{E8579036-0F4F-4CDB-826C-1BB545487107}.Release|Any CPU.Build.0 = Release|Any CPU
	EndGlobalSection
	GlobalSection(SolutionProperties) = preSolution
		HideSolutionNode = FALSE
	EndGlobalSection
	GlobalSection(ExtensibilityGlobals) = postSolution
		SolutionGuid = {E437FEAC-60AF-4FAB-AC36-D28BF7BE6E94}
	EndGlobalSection
EndGlobal
